
Microsoft Visual Studio Solution File, Format Version 12.00
# Visual Studio Version 17
VisualStudioVersion = 17.6.33829.357
MinimumVisualStudioVersion = 10.0.40219.1
Project("{FAE04EC0-301F-11D3-BF4B-00C04F79EFBC}") = "BookStore.Site", "BookStore.Site\BookStore.Site.csproj", "{D9E2CC2B-3B8C-4239-9783-FFAA87C2406F}"
EndProject
Project("{2150E333-8FDC-42A3-9474-1A3956D46DE8}") = "方案項目", "方案項目", "{F0B55520-1D4D-4775-9574-15B442DBE347}"
	ProjectSection(SolutionItems) = preProject
		ReadMe.txt = ReadMe.txt
	EndProjectSection
EndProject
Global
	GlobalSection(SolutionConfigurationPlatforms) = preSolution
		Debug|Any CPU = Debug|Any CPU
		Release|Any CPU = Release|Any CPU
	EndGlobalSection
	GlobalSection(ProjectConfigurationPlatforms) = postSolution
		{D9E2CC2B-3B8C-4239-9783-FFAA87C2406F}.Debug|Any CPU.ActiveCfg = Debug|Any CPU
		{D9E2CC2B-3B8C-4239-9783-FFAA87C2406F}.Debug|Any CPU.Build.0 = Debug|Any CPU
		{D9E2CC2B-3B8C-4239-9783-FFAA87C2406F}.Release|Any CPU.ActiveCfg = Release|Any CPU
		{D9E2CC2B-3B8C-4239-9783-FFAA87C2406F}.Release|Any CPU.Build.0 = Release|Any CPU
	EndGlobalSection
	GlobalSection(SolutionProperties) = preSolution
		HideSolutionNode = FALSE
	EndGlobalSection
	GlobalSection(ExtensibilityGlobals) = postSolution
		SolutionGuid = {C2A1D982-FCA8-42E7-9243-5E05B5E43B4D}
	EndGlobalSection
EndGlobal
