
Microsoft Visual Studio Solution File, Format Version 12.00
# Visual Studio Version 17
VisualStudioVersion = 17.6.33829.357
MinimumVisualStudioVersion = 10.0.40219.1
Project("{FAE04EC0-301F-11D3-BF4B-00C04F79EFBC}") = "Back", "Final\Back.csproj", "{13D8B896-F86A-4807-A401-0A808885C6F8}"
EndProject
Project("{FAE04EC0-301F-11D3-BF4B-00C04F79EFBC}") = "Front", "Front\Front.csproj", "{C1FB64C1-AE1A-4F09-BD68-E0432CC51288}"
EndProject
Global
	GlobalSection(SolutionConfigurationPlatforms) = preSolution
		Debug|Any CPU = Debug|Any CPU
		Release|Any CPU = Release|Any CPU
	EndGlobalSection
	GlobalSection(ProjectConfigurationPlatforms) = postSolution
		{13D8B896-F86A-4807-A401-0A808885C6F8}.Debug|Any CPU.ActiveCfg = Debug|Any CPU
		{13D8B896-F86A-4807-A401-0A808885C6F8}.Debug|Any CPU.Build.0 = Debug|Any CPU
		{13D8B896-F86A-4807-A401-0A808885C6F8}.Release|Any CPU.ActiveCfg = Release|Any CPU
		{13D8B896-F86A-4807-A401-0A808885C6F8}.Release|Any CPU.Build.0 = Release|Any CPU
		{C1FB64C1-AE1A-4F09-BD68-E0432CC51288}.Debug|Any CPU.ActiveCfg = Debug|Any CPU
		{C1FB64C1-AE1A-4F09-BD68-E0432CC51288}.Debug|Any CPU.Build.0 = Debug|Any CPU
		{C1FB64C1-AE1A-4F09-BD68-E0432CC51288}.Release|Any CPU.ActiveCfg = Release|Any CPU
		{C1FB64C1-AE1A-4F09-BD68-E0432CC51288}.Release|Any CPU.Build.0 = Release|Any CPU
	EndGlobalSection
	GlobalSection(SolutionProperties) = preSolution
		HideSolutionNode = FALSE
	EndGlobalSection
	GlobalSection(ExtensibilityGlobals) = postSolution
		SolutionGuid = {01EF1C1A-48D7-45AD-BACC-CF42F1C8BF70}
	EndGlobalSection
EndGlobal
